
Microsoft Visual Studio Solution File, Format Version 12.00
# Visual Studio Version 17
VisualStudioVersion = 17.14.36429.23 d17.14
MinimumVisualStudioVersion = 10.0.40219.1
Project("{FAE04EC0-301F-11D3-BF4B-00C04F79EFBC}") = "backend", "backend.csproj", "{58B960C0-BE5E-4CFF-9C5B-27C484BF0529}"
EndProject
Global
	GlobalSection(SolutionConfigurationPlatforms) = preSolution
		Debug|Any CPU = Debug|Any CPU
		Release|Any CPU = Release|Any CPU
	EndGlobalSection
	GlobalSection(ProjectConfigurationPlatforms) = postSolution
		{58B960C0-BE5E-4CFF-9C5B-27C484BF0529}.Debug|Any CPU.ActiveCfg = Debug|Any CPU
		{58B960C0-BE5E-4CFF-9C5B-27C484BF0529}.Debug|Any CPU.Build.0 = Debug|Any CPU
		{58B960C0-BE5E-4CFF-9C5B-27C484BF0529}.Release|Any CPU.ActiveCfg = Release|Any CPU
		{58B960C0-BE5E-4CFF-9C5B-27C484BF0529}.Release|Any CPU.Build.0 = Release|Any CPU
	EndGlobalSection
	GlobalSection(SolutionProperties) = preSolution
		HideSolutionNode = FALSE
	EndGlobalSection
	GlobalSection(ExtensibilityGlobals) = postSolution
		SolutionGuid = {D466F932-34BC-4718-9716-DF4F5DCBF673}
	EndGlobalSection
EndGlobal
